// !$*UTF8*$!
{
	archiveVersion = 1;
	classes = {
	};
	objectVersion = 46;
	objects = {

/* Begin PBXBuildFile section */
		1F9FE8651E7F99410019C772 /* AppDelegate.swift in Sources */ = {isa = PBXBuildFile; fileRef = 1F9FE8641E7F99410019C772 /* AppDelegate.swift */; };
		1F9FE8671E7F99410019C772 /* ViewController.swift in Sources */ = {isa = PBXBuildFile; fileRef = 1F9FE8661E7F99410019C772 /* ViewController.swift */; };
		1F9FE86A1E7F99410019C772 /* Main.storyboard in Resources */ = {isa = PBXBuildFile; fileRef = 1F9FE8681E7F99410019C772 /* Main.storyboard */; };
		1F9FE86C1E7F99410019C772 /* Assets.xcassets in Resources */ = {isa = PBXBuildFile; fileRef = 1F9FE86B1E7F99410019C772 /* Assets.xcassets */; };
		1F9FE86F1E7F99410019C772 /* LaunchScreen.storyboard in Resources */ = {isa = PBXBuildFile; fileRef = 1F9FE86D1E7F99410019C772 /* LaunchScreen.storyboard */; };
		1F9FE87A1E7F99420019C772 /* VideoTest2Tests.swift in Sources */ = {isa = PBXBuildFile; fileRef = 1F9FE8791E7F99420019C772 /* VideoTest2Tests.swift */; };
		1F9FE8851E7F99420019C772 /* VideoTest2UITests.swift in Sources */ = {isa = PBXBuildFile; fileRef = 1F9FE8841E7F99420019C772 /* VideoTest2UITests.swift */; };
/* End PBXBuildFile section */

/* Begin PBXContainerItemProxy section */
		1F9FE8761E7F99420019C772 /* PBXContainerItemProxy */ = {
			isa = PBXContainerItemProxy;
			containerPortal = 1F9FE8591E7F99410019C772 /* Project object */;
			proxyType = 1;
			remoteGlobalIDString = 1F9FE8601E7F99410019C772;
			remoteInfo = VideoTest2;
		};
		1F9FE8811E7F99420019C772 /* PBXContainerItemProxy */ = {
			isa = PBXContainerItemProxy;
			containerPortal = 1F9FE8591E7F99410019C772 /* Project object */;
			proxyType = 1;
			remoteGlobalIDString = 1F9FE8601E7F99410019C772;
			remoteInfo = VideoTest2;
		};
/* End PBXContainerItemProxy section */

/* Begin PBXFileReference section */
		1F9FE8611E7F99410019C772 /* VideoTest2.app */ = {isa = PBXFileReference; explicitFileType = wrapper.application; includeInIndex = 0; path = VideoTest2.app; sourceTree = BUILT_PRODUCTS_DIR; };
		1F9FE8641E7F99410019C772 /* AppDelegate.swift */ = {isa = PBXFileReference; lastKnownFileType = sourcecode.swift; path = AppDelegate.swift; sourceTree = "<group>"; };
		1F9FE8661E7F99410019C772 /* ViewController.swift */ = {isa = PBXFileReference; lastKnownFileType = sourcecode.swift; path = ViewController.swift; sourceTree = "<group>"; };
		1F9FE8691E7F99410019C772 /* Base */ = {isa = PBXFileReference; lastKnownFileType = file.storyboard; name = Base; path = Base.lproj/Main.storyboard; sourceTree = "<group>"; };
		1F9FE86B1E7F99410019C772 /* Assets.xcassets */ = {isa = PBXFileReference; lastKnownFileType = folder.assetcatalog; path = Assets.xcassets; sourceTree = "<group>"; };
		1F9FE86E1E7F99410019C772 /* Base */ = {isa = PBXFileReference; lastKnownFileType = file.storyboard; name = Base; path = Base.lproj/LaunchScreen.storyboard; sourceTree = "<group>"; };
		1F9FE8701E7F99410019C772 /* Info.plist */ = {isa = PBXFileReference; lastKnownFileType = text.plist.xml; path = Info.plist; sourceTree = "<group>"; };
		1F9FE8751E7F99420019C772 /* VideoTest2Tests.xctest */ = {isa = PBXFileReference; explicitFileType = wrapper.cfbundle; includeInIndex = 0; path = VideoTest2Tests.xctest; sourceTree = BUILT_PRODUCTS_DIR; };
		1F9FE8791E7F99420019C772 /* VideoTest2Tests.swift */ = {isa = PBXFileReference; lastKnownFileType = sourcecode.swift; path = VideoTest2Tests.swift; sourceTree = "<group>"; };
		1F9FE87B1E7F99420019C772 /* Info.plist */ = {isa = PBXFileReference; lastKnownFileType = text.plist.xml; path = Info.plist; sourceTree = "<group>"; };
		1F9FE8801E7F99420019C772 /* VideoTest2UITests.xctest */ = {isa = PBXFileReference; explicitFileType = wrapper.cfbundle; includeInIndex = 0; path = VideoTest2UITests.xctest; sourceTree = BUILT_PRODUCTS_DIR; };
		1F9FE8841E7F99420019C772 /* VideoTest2UITests.swift */ = {isa = PBXFileReference; lastKnownFileType = sourcecode.swift; path = VideoTest2UITests.swift; sourceTree = "<group>"; };
		1F9FE8861E7F99420019C772 /* Info.plist */ = {isa = PBXFileReference; lastKnownFileType = text.plist.xml; path = Info.plist; sourceTree = "<group>"; };
/* End PBXFileReference section */

/* Begin PBXFrameworksBuildPhase section */
		1F9FE85E1E7F99410019C772 /* Frameworks */ = {
			isa = PBXFrameworksBuildPhase;
			buildActionMask = 2147483647;
			files = (
			);
			runOnlyForDeploymentPostprocessing = 0;
		};
		1F9FE8721E7F99420019C772 /* Frameworks */ = {
			isa = PBXFrameworksBuildPhase;
			buildActionMask = 2147483647;
			files = (
			);
			runOnlyForDeploymentPostprocessing = 0;
		};
		1F9FE87D1E7F99420019C772 /* Frameworks */ = {
			isa = PBXFrameworksBuildPhase;
			buildActionMask = 2147483647;
			files = (
			);
			runOnlyForDeploymentPostprocessing = 0;
		};
/* End PBXFrameworksBuildPhase section */

/* Begin PBXGroup section */
		1F9FE8581E7F99410019C772 = {
			isa = PBXGroup;
			children = (
				1F9FE8631E7F99410019C772 /* VideoTest2 */,
				1F9FE8781E7F99420019C772 /* VideoTest2Tests */,
				1F9FE8831E7F99420019C772 /* VideoTest2UITests */,
				1F9FE8621E7F99410019C772 /* Products */,
			);
			sourceTree = "<group>";
		};
		1F9FE8621E7F99410019C772 /* Products */ = {
			isa = PBXGroup;
			children = (
				1F9FE8611E7F99410019C772 /* VideoTest2.app */,
				1F9FE8751E7F99420019C772 /* VideoTest2Tests.xctest */,
				1F9FE8801E7F99420019C772 /* VideoTest2UITests.xctest */,
			);
			name = Products;
			sourceTree = "<group>";
		};
		1F9FE8631E7F99410019C772 /* VideoTest2 */ = {
			isa = PBXGroup;
			children = (
				1F9FE8641E7F99410019C772 /* AppDelegate.swift */,
				1F9FE8661E7F99410019C772 /* ViewController.swift */,
				1F9FE8681E7F99410019C772 /* Main.storyboard */,
				1F9FE86B1E7F99410019C772 /* Assets.xcassets */,
				1F9FE86D1E7F99410019C772 /* LaunchScreen.storyboard */,
				1F9FE8701E7F99410019C772 /* Info.plist */,
			);
			path = VideoTest2;
			sourceTree = "<group>";
		};
		1F9FE8781E7F99420019C772 /* VideoTest2Tests */ = {
			isa = PBXGroup;
			children = (
				1F9FE8791E7F99420019C772 /* VideoTest2Tests.swift */,
				1F9FE87B1E7F99420019C772 /* Info.plist */,
			);
			path = VideoTest2Tests;
			sourceTree = "<group>";
		};
		1F9FE8831E7F99420019C772 /* VideoTest2UITests */ = {
			isa = PBXGroup;
			children = (
				1F9FE8841E7F99420019C772 /* VideoTest2UITests.swift */,
				1F9FE8861E7F99420019C772 /* Info.plist */,
			);
			path = VideoTest2UITests;
			sourceTree = "<group>";
		};
/* End PBXGroup section */

/* Begin PBXNativeTarget section */
		1F9FE8601E7F99410019C772 /* VideoTest2 */ = {
			isa = PBXNativeTarget;
			buildConfigurationList = 1F9FE8891E7F99420019C772 /* Build configuration list for PBXNativeTarget "VideoTest2" */;
			buildPhases = (
				1F9FE85D1E7F99410019C772 /* Sources */,
				1F9FE85E1E7F99410019C772 /* Frameworks */,
				1F9FE85F1E7F99410019C772 /* Resources */,
			);
			buildRules = (
			);
			dependencies = (
			);
			name = VideoTest2;
			productName = VideoTest2;
			productReference = 1F9FE8611E7F99410019C772 /* VideoTest2.app */;
			productType = "com.apple.product-type.application";
		};
		1F9FE8741E7F99420019C772 /* VideoTest2Tests */ = {
			isa = PBXNativeTarget;
			buildConfigurationList = 1F9FE88C1E7F99420019C772 /* Build configuration list for PBXNativeTarget "VideoTest2Tests" */;
			buildPhases = (
				1F9FE8711E7F99420019C772 /* Sources */,
				1F9FE8721E7F99420019C772 /* Frameworks */,
				1F9FE8731E7F99420019C772 /* Resources */,
			);
			buildRules = (
			);
			dependencies = (
				1F9FE8771E7F99420019C772 /* PBXTargetDependency */,
			);
			name = VideoTest2Tests;
			productName = VideoTest2Tests;
			productReference = 1F9FE8751E7F99420019C772 /* VideoTest2Tests.xctest */;
			productType = "com.apple.product-type.bundle.unit-test";
		};
		1F9FE87F1E7F99420019C772 /* VideoTest2UITests */ = {
			isa = PBXNativeTarget;
			buildConfigurationList = 1F9FE88F1E7F99420019C772 /* Build configuration list for PBXNativeTarget "VideoTest2UITests" */;
			buildPhases = (
				1F9FE87C1E7F99420019C772 /* Sources */,
				1F9FE87D1E7F99420019C772 /* Frameworks */,
				1F9FE87E1E7F99420019C772 /* Resources */,
			);
			buildRules = (
			);
			dependencies = (
				1F9FE8821E7F99420019C772 /* PBXTargetDependency */,
			);
			name = VideoTest2UITests;
			productName = VideoTest2UITests;
			productReference = 1F9FE8801E7F99420019C772 /* VideoTest2UITests.xctest */;
			productType = "com.apple.product-type.bundle.ui-testing";
		};
/* End PBXNativeTarget section */

/* Begin PBXProject section */
		1F9FE8591E7F99410019C772 /* Project object */ = {
			isa = PBXProject;
			attributes = {
				LastSwiftUpdateCheck = 0820;
				LastUpgradeCheck = 0820;
				ORGANIZATIONNAME = zhang;
				TargetAttributes = {
					1F9FE8601E7F99410019C772 = {
						CreatedOnToolsVersion = 8.2.1;
						ProvisioningStyle = Automatic;
					};
					1F9FE8741E7F99420019C772 = {
						CreatedOnToolsVersion = 8.2.1;
						ProvisioningStyle = Automatic;
						TestTargetID = 1F9FE8601E7F99410019C772;
					};
					1F9FE87F1E7F99420019C772 = {
						CreatedOnToolsVersion = 8.2.1;
						ProvisioningStyle = Automatic;
						TestTargetID = 1F9FE8601E7F99410019C772;
					};
				};
			};
			buildConfigurationList = 1F9FE85C1E7F99410019C772 /* Build configuration list for PBXProject "VideoTest2" */;
			compatibilityVersion = "Xcode 3.2";
			developmentRegion = English;
			hasScannedForEncodings = 0;
			knownRegions = (
				en,
				Base,
			);
			mainGroup = 1F9FE8581E7F99410019C772;
			productRefGroup = 1F9FE8621E7F99410019C772 /* Products */;
			projectDirPath = "";
			projectRoot = "";
			targets = (
				1F9FE8601E7F99410019C772 /* VideoTest2 */,
				1F9FE8741E7F99420019C772 /* VideoTest2Tests */,
				1F9FE87F1E7F99420019C772 /* VideoTest2UITests */,
			);
		};
/* End PBXProject section */

/* Begin PBXResourcesBuildPhase section */
		1F9FE85F1E7F99410019C772 /* Resources */ = {
			isa = PBXResourcesBuildPhase;
			buildActionMask = 2147483647;
			files = (
				1F9FE86F1E7F99410019C772 /* LaunchScreen.storyboard in Resources */,
				1F9FE86C1E7F99410019C772 /* Assets.xcassets in Resources */,
				1F9FE86A1E7F99410019C772 /* Main.storyboard in Resources */,
			);
			runOnlyForDeploymentPostprocessing = 0;
		};
		1F9FE8731E7F99420019C772 /* Resources */ = {
			isa = PBXResourcesBuildPhase;
			buildActionMask = 2147483647;
			files = (
			);
			runOnlyForDeploymentPostprocessing = 0;
		};
		1F9FE87E1E7F99420019C772 /* Resources */ = {
			isa = PBXResourcesBuildPhase;
			buildActionMask = 2147483647;
			files = (
			);
			runOnlyForDeploymentPostprocessing = 0;
		};
/* End PBXResourcesBuildPhase section */

/* Begin PBXSourcesBuildPhase section */
		1F9FE85D1E7F99410019C772 /* Sources */ = {
			isa = PBXSourcesBuildPhase;
			buildActionMask = 2147483647;
			files = (
				1F9FE8671E7F99410019C772 /* ViewController.swift in Sources */,
				1F9FE8651E7F99410019C772 /* AppDelegate.swift in Sources */,
			);
			runOnlyForDeploymentPostprocessing = 0;
		};
		1F9FE8711E7F99420019C772 /* Sources */ = {
			isa = PBXSourcesBuildPhase;
			buildActionMask = 2147483647;
			files = (
				1F9FE87A1E7F99420019C772 /* VideoTest2Tests.swift in Sources */,
			);
			runOnlyForDeploymentPostprocessing = 0;
		};
		1F9FE87C1E7F99420019C772 /* Sources */ = {
			isa = PBXSourcesBuildPhase;
			buildActionMask = 2147483647;
			files = (
				1F9FE8851E7F99420019C772 /* VideoTest2UITests.swift in Sources */,
			);
			runOnlyForDeploymentPostprocessing = 0;
		};
/* End PBXSourcesBuildPhase section */

/* Begin PBXTargetDependency section */
		1F9FE8771E7F99420019C772 /* PBXTargetDependency */ = {
			isa = PBXTargetDependency;
			target = 1F9FE8601E7F99410019C772 /* VideoTest2 */;
			targetProxy = 1F9FE8761E7F99420019C772 /* PBXContainerItemProxy */;
		};
		1F9FE8821E7F99420019C772 /* PBXTargetDependency */ = {
			isa = PBXTargetDependency;
			target = 1F9FE8601E7F99410019C772 /* VideoTest2 */;
			targetProxy = 1F9FE8811E7F99420019C772 /* PBXContainerItemProxy */;
		};
/* End PBXTargetDependency section */

/* Begin PBXVariantGroup section */
		1F9FE8681E7F99410019C772 /* Main.storyboard */ = {
			isa = PBXVariantGroup;
			children = (
				1F9FE8691E7F99410019C772 /* Base */,
			);
			name = Main.storyboard;
			sourceTree = "<group>";
		};
		1F9FE86D1E7F99410019C772 /* LaunchScreen.storyboard */ = {
			isa = PBXVariantGroup;
			children = (
				1F9FE86E1E7F99410019C772 /* Base */,
			);
			name = LaunchScreen.storyboard;
			sourceTree = "<group>";
		};
/* End PBXVariantGroup section */

/* Begin XCBuildConfiguration section */
		1F9FE8871E7F99420019C772 /* Debug */ = {
			isa = XCBuildConfiguration;
			buildSettings = {
				ALWAYS_SEARCH_USER_PATHS = NO;
				CLANG_ANALYZER_NONNULL = YES;
				CLANG_CXX_LANGUAGE_STANDARD = "gnu++0x";
				CLANG_CXX_LIBRARY = "libc++";
				CLANG_ENABLE_MODULES = YES;
				CLANG_ENABLE_OBJC_ARC = YES;
				CLANG_WARN_BOOL_CONVERSION = YES;
				CLANG_WARN_CONSTANT_CONVERSION = YES;
				CLANG_WARN_DIRECT_OBJC_ISA_USAGE = YES_ERROR;
				CLANG_WARN_DOCUMENTATION_COMMENTS = YES;
				CLANG_WARN_EMPTY_BODY = YES;
				CLANG_WARN_ENUM_CONVERSION = YES;
				CLANG_WARN_INFINITE_RECURSION = YES;
				CLANG_WARN_INT_CONVERSION = YES;
				CLANG_WARN_OBJC_ROOT_CLASS = YES_ERROR;
				CLANG_WARN_SUSPICIOUS_MOVE = YES;
				CLANG_WARN_UNREACHABLE_CODE = YES;
				CLANG_WARN__DUPLICATE_METHOD_MATCH = YES;
				"CODE_SIGN_IDENTITY[sdk=iphoneos*]" = "iPhone Developer";
				COPY_PHASE_STRIP = NO;
				DEBUG_INFORMATION_FORMAT = dwarf;
				ENABLE_STRICT_OBJC_MSGSEND = YES;
				ENABLE_TESTABILITY = YES;
				GCC_C_LANGUAGE_STANDARD = gnu99;
				GCC_DYNAMIC_NO_PIC = NO;
				GCC_NO_COMMON_BLOCKS = YES;
				GCC_OPTIMIZATION_LEVEL = 0;
				GCC_PREPROCESSOR_DEFINITIONS = (
					"DEBUG=1",
					"$(inherited)",
				);
				GCC_WARN_64_TO_32_BIT_CONVERSION = YES;
				GCC_WARN_ABOUT_RETURN_TYPE = YES_ERROR;
				GCC_WARN_UNDECLARED_SELECTOR = YES;
				GCC_WARN_UNINITIALIZED_AUTOS = YES_AGGRESSIVE;
				GCC_WARN_UNUSED_FUNCTION = YES;
				GCC_WARN_UNUSED_VARIABLE = YES;
				IPHONEOS_DEPLOYMENT_TARGET = 10.2;
				MTL_ENABLE_DEBUG_INFO = YES;
				ONLY_ACTIVE_ARCH = YES;
				SDKROOT = iphoneos;
				SWIFT_ACTIVE_COMPILATION_CONDITIONS = DEBUG;
				SWIFT_OPTIMIZATION_LEVEL = "-Onone";
				TARGETED_DEVICE_FAMILY = "1,2";
			};
			name = Debug;
		};
		1F9FE8881E7F99420019C772 /* Release */ = {
			isa = XCBuildConfiguration;
			buildSettings = {
				ALWAYS_SEARCH_USER_PATHS = NO;
				CLANG_ANALYZER_NONNULL = YES;
				CLANG_CXX_LANGUAGE_STANDARD = "gnu++0x";
				CLANG_CXX_LIBRARY = "libc++";
				CLANG_ENABLE_MODULES = YES;
				CLANG_ENABLE_OBJC_ARC = YES;
				CLANG_WARN_BOOL_CONVERSION = YES;
				CLANG_WARN_CONSTANT_CONVERSION = YES;
				CLANG_WARN_DIRECT_OBJC_ISA_USAGE = YES_ERROR;
				CLANG_WARN_DOCUMENTATION_COMMENTS = YES;
				CLANG_WARN_EMPTY_BODY = YES;
				CLANG_WARN_ENUM_CONVERSION = YES;
				CLANG_WARN_INFINITE_RECURSION = YES;
				CLANG_WARN_INT_CONVERSION = YES;
				CLANG_WARN_OBJC_ROOT_CLASS = YES_ERROR;
				CLANG_WARN_SUSPICIOUS_MOVE = YES;
				CLANG_WARN_UNREACHABLE_CODE = YES;
				CLANG_WARN__DUPLICATE_METHOD_MATCH = YES;
				"CODE_SIGN_IDENTITY[sdk=iphoneos*]" = "iPhone Developer";
				COPY_PHASE_STRIP = NO;
				DEBUG_INFORMATION_FORMAT = "dwarf-with-dsym";
				ENABLE_NS_ASSERTIONS = NO;
				ENABLE_STRICT_OBJC_MSGSEND = YES;
				GCC_C_LANGUAGE_STANDARD = gnu99;
				GCC_NO_COMMON_BLOCKS = YES;
				GCC_WARN_64_TO_32_BIT_CONVERSION = YES;
				GCC_WARN_ABOUT_RETURN_TYPE = YES_ERROR;
				GCC_WARN_UNDECLARED_SELECTOR = YES;
				GCC_WARN_UNINITIALIZED_AUTOS = YES_AGGRESSIVE;
				GCC_WARN_UNUSED_FUNCTION = YES;
				GCC_WARN_UNUSED_VARIABLE = YES;
				IPHONEOS_DEPLOYMENT_TARGET = 10.2;
				MTL_ENABLE_DEBUG_INFO = NO;
				SDKROOT = iphoneos;
				SWIFT_OPTIMIZATION_LEVEL = "-Owholemodule";
				TARGETED_DEVICE_FAMILY = "1,2";
				VALIDATE_PRODUCT = YES;
			};
			name = Release;
		};
		1F9FE88A1E7F99420019C772 /* Debug */ = {
			isa = XCBuildConfiguration;
			buildSettings = {
				ASSETCATALOG_COMPILER_APPICON_NAME = AppIcon;
				INFOPLIST_FILE = VideoTest2/Info.plist;
				LD_RUNPATH_SEARCH_PATHS = "$(inherited) @executable_path/Frameworks";
				PRODUCT_BUNDLE_IDENTIFIER = com.zhang.VideoTest2;
				PRODUCT_NAME = "$(TARGET_NAME)";
				SWIFT_VERSION = 3.0;
			};
			name = Debug;
		};
		1F9FE88B1E7F99420019C772 /* Release */ = {
			isa = XCBuildConfiguration;
			buildSettings = {
				ASSETCATALOG_COMPILER_APPICON_NAME = AppIcon;
				INFOPLIST_FILE = VideoTest2/Info.plist;
				LD_RUNPATH_SEARCH_PATHS = "$(inherited) @executable_path/Frameworks";
				PRODUCT_BUNDLE_IDENTIFIER = com.zhang.VideoTest2;
				PRODUCT_NAME = "$(TARGET_NAME)";
				SWIFT_VERSION = 3.0;
			};
			name = Release;
		};
		1F9FE88D1E7F99420019C772 /* Debug */ = {
			isa = XCBuildConfiguration;
			buildSettings = {
				ALWAYS_EMBED_SWIFT_STANDARD_LIBRARIES = YES;
				BUNDLE_LOADER = "$(TEST_HOST)";
				INFOPLIST_FILE = VideoTest2Tests/Info.plist;
				LD_RUNPATH_SEARCH_PATHS = "$(inherited) @executable_path/Frameworks @loader_path/Frameworks";
				PRODUCT_BUNDLE_IDENTIFIER = com.zhang.VideoTest2Tests;
				PRODUCT_NAME = "$(TARGET_NAME)";
				SWIFT_VERSION = 3.0;
				TEST_HOST = "$(BUILT_PRODUCTS_DIR)/VideoTest2.app/VideoTest2";
			};
			name = Debug;
		};
		1F9FE88E1E7F99420019C772 /* Release */ = {
			isa = XCBuildConfiguration;
			buildSettings = {
				ALWAYS_EMBED_SWIFT_STANDARD_LIBRARIES = YES;
				BUNDLE_LOADER = "$(TEST_HOST)";
				INFOPLIST_FILE = VideoTest2Tests/Info.plist;
				LD_RUNPATH_SEARCH_PATHS = "$(inherited) @executable_path/Frameworks @loader_path/Frameworks";
				PRODUCT_BUNDLE_IDENTIFIER = com.zhang.VideoTest2Tests;
				PRODUCT_NAME = "$(TARGET_NAME)";
				SWIFT_VERSION = 3.0;
				TEST_HOST = "$(BUILT_PRODUCTS_DIR)/VideoTest2.app/VideoTest2";
			};
			name = Release;
		};
		1F9FE8901E7F99420019C772 /* Debug */ = {
			isa = XCBuildConfiguration;
			buildSettings = {
				ALWAYS_EMBED_SWIFT_STANDARD_LIBRARIES = YES;
				INFOPLIST_FILE = VideoTest2UITests/Info.plist;
				LD_RUNPATH_SEARCH_PATHS = "$(inherited) @executable_path/Frameworks @loader_path/Frameworks";
				PRODUCT_BUNDLE_IDENTIFIER = com.zhang.VideoTest2UITests;
				PRODUCT_NAME = "$(TARGET_NAME)";
				SWIFT_VERSION = 3.0;
				TEST_TARGET_NAME = VideoTest2;
			};
			name = Debug;
		};
		1F9FE8911E7F99420019C772 /* Release */ = {
			isa = XCBuildConfiguration;
			buildSettings = {
				ALWAYS_EMBED_SWIFT_STANDARD_LIBRARIES = YES;
				INFOPLIST_FILE = VideoTest2UITests/Info.plist;
				LD_RUNPATH_SEARCH_PATHS = "$(inherited) @executable_path/Frameworks @loader_path/Frameworks";
				PRODUCT_BUNDLE_IDENTIFIER = com.zhang.VideoTest2UITests;
				PRODUCT_NAME = "$(TARGET_NAME)";
				SWIFT_VERSION = 3.0;
				TEST_TARGET_NAME = VideoTest2;
			};
			name = Release;
		};
/* End XCBuildConfiguration section */

/* Begin XCConfigurationList section */
		1F9FE85C1E7F99410019C772 /* Build configuration list for PBXProject "VideoTest2" */ = {
			isa = XCConfigurationList;
			buildConfigurations = (
				1F9FE8871E7F99420019C772 /* Debug */,
				1F9FE8881E7F99420019C772 /* Release */,
			);
			defaultConfigurationIsVisible = 0;
			defaultConfigurationName = Release;
		};
		1F9FE8891E7F99420019C772 /* Build configuration list for PBXNativeTarget "VideoTest2" */ = {
			isa = XCConfigurationList;
			buildConfigurations = (
				1F9FE88A1E7F99420019C772 /* Debug */,
				1F9FE88B1E7F99420019C772 /* Release */,
			);
			defaultConfigurationIsVisible = 0;
		};
		1F9FE88C1E7F99420019C772 /* Build configuration list for PBXNativeTarget "VideoTest2Tests" */ = {
			isa = XCConfigurationList;
			buildConfigurations = (
				1F9FE88D1E7F99420019C772 /* Debug */,
				1F9FE88E1E7F99420019C772 /* Release */,
			);
			defaultConfigurationIsVisible = 0;
		};
		1F9FE88F1E7F99420019C772 /* Build configuration list for PBXNativeTarget "VideoTest2UITests" */ = {
			isa = XCConfigurationList;
			buildConfigurations = (
				1F9FE8901E7F99420019C772 /* Debug */,
				1F9FE8911E7F99420019C772 /* Release */,
			);
			defaultConfigurationIsVisible = 0;
		};
/* End XCConfigurationList section */
	};
	rootObject = 1F9FE8591E7F99410019C772 /* Project object */;
}
