// !$*UTF8*$!
{
	archiveVersion = 1;
	classes = {
	};
	objectVersion = 46;
	objects = {

/* Begin PBXBuildFile section */
		1F9FE8651E7F99410019C772 /* AppDelegate.swift in Sources */ = {isa = PBXBuildFile; fileRef = 1F9FE8641E7F99410019C772 /* AppDelegate.swift */; };
		1F9FE8671E7F99410019C772 /* ViewController.swift in Sources */ = {isa = PBXBuildFile; fileRef = 1F9FE8661E7F99410019C772 /* ViewController.swift */; };
		1F9FE86A1E7F99410019C772 /* Main.storyboard in Resources */ = {isa = PBXBuildFile; fileRef = 1F9FE8681E7F99410019C772 /* Main.storyboard */; };
		1F9FE86C1E7F99410019C772 /* Assets.xcassets in Resources */ = {isa = PBXBuildFile; fileRef = 1F9FE86B1E7F99410019C772 /* Assets.xcassets */; };
		1F9FE86F1E7F99410019C772 /* LaunchScreen.storyboard in Resources */ = {isa = PBXBuildFile; fileRef = 1F9FE86D1E7F99410019C772 /* LaunchScreen.storyboard */; };
		1F9FE87A1E7F99420019C772 /* VideoTest2Tests.swift in Sources */ = {isa = PBXBuildFile; fileRef = 1F9FE8791E7F99420019C772 /* VideoTest2Tests.swift */; };
		1F9FE8851E7F99420019C772 /* VideoTest2UITests.swift in Sources */ = {isa = PBXBuildFile; fileRef = 1F9FE8841E7F99420019C772 /* VideoTest2UITests.swift */; };
		1F9FE8BA1E7F9D7A0019C772 /* ZFPlayer_back_full@2x.png in Resources */ = {isa = PBXBuildFile; fileRef = 1F9FE8931E7F9D7A0019C772 /* ZFPlayer_back_full@2x.png */; };
		1F9FE8BB1E7F9D7A0019C772 /* ZFPlayer_back_full@3x.png in Resources */ = {isa = PBXBuildFile; fileRef = 1F9FE8941E7F9D7A0019C772 /* ZFPlayer_back_full@3x.png */; };
		1F9FE8BC1E7F9D7A0019C772 /* ZFPlayer_bottom_shadow.png in Resources */ = {isa = PBXBuildFile; fileRef = 1F9FE8951E7F9D7A0019C772 /* ZFPlayer_bottom_shadow.png */; };
		1F9FE8BD1E7F9D7A0019C772 /* ZFPlayer_brightness@2x.png in Resources */ = {isa = PBXBuildFile; fileRef = 1F9FE8961E7F9D7A0019C772 /* ZFPlayer_brightness@2x.png */; };
		1F9FE8BE1E7F9D7A0019C772 /* ZFPlayer_close.png in Resources */ = {isa = PBXBuildFile; fileRef = 1F9FE8971E7F9D7A0019C772 /* ZFPlayer_close.png */; };
		1F9FE8BF1E7F9D7A0019C772 /* ZFPlayer_close@2x.png in Resources */ = {isa = PBXBuildFile; fileRef = 1F9FE8981E7F9D7A0019C772 /* ZFPlayer_close@2x.png */; };
		1F9FE8C01E7F9D7A0019C772 /* ZFPlayer_close@3x.png in Resources */ = {isa = PBXBuildFile; fileRef = 1F9FE8991E7F9D7A0019C772 /* ZFPlayer_close@3x.png */; };
		1F9FE8C11E7F9D7A0019C772 /* ZFPlayer_download@2x.png in Resources */ = {isa = PBXBuildFile; fileRef = 1F9FE89A1E7F9D7A0019C772 /* ZFPlayer_download@2x.png */; };
		1F9FE8C21E7F9D7A0019C772 /* ZFPlayer_download@3x.png in Resources */ = {isa = PBXBuildFile; fileRef = 1F9FE89B1E7F9D7A0019C772 /* ZFPlayer_download@3x.png */; };
		1F9FE8C31E7F9D7A0019C772 /* ZFPlayer_fast_backward@2x.png in Resources */ = {isa = PBXBuildFile; fileRef = 1F9FE89C1E7F9D7A0019C772 /* ZFPlayer_fast_backward@2x.png */; };
		1F9FE8C41E7F9D7A0019C772 /* ZFPlayer_fast_backward@3x.png in Resources */ = {isa = PBXBuildFile; fileRef = 1F9FE89D1E7F9D7A0019C772 /* ZFPlayer_fast_backward@3x.png */; };
		1F9FE8C51E7F9D7A0019C772 /* ZFPlayer_fast_forward@2x.png in Resources */ = {isa = PBXBuildFile; fileRef = 1F9FE89E1E7F9D7A0019C772 /* ZFPlayer_fast_forward@2x.png */; };
		1F9FE8C61E7F9D7A0019C772 /* ZFPlayer_fast_forward@3x.png in Resources */ = {isa = PBXBuildFile; fileRef = 1F9FE89F1E7F9D7A0019C772 /* ZFPlayer_fast_forward@3x.png */; };
		1F9FE8C71E7F9D7A0019C772 /* ZFPlayer_fullscreen.png in Resources */ = {isa = PBXBuildFile; fileRef = 1F9FE8A01E7F9D7A0019C772 /* ZFPlayer_fullscreen.png */; };
		1F9FE8C81E7F9D7A0019C772 /* ZFPlayer_fullscreen@2x.png in Resources */ = {isa = PBXBuildFile; fileRef = 1F9FE8A11E7F9D7A0019C772 /* ZFPlayer_fullscreen@2x.png */; };
		1F9FE8C91E7F9D7A0019C772 /* ZFPlayer_fullscreen@3x.png in Resources */ = {isa = PBXBuildFile; fileRef = 1F9FE8A21E7F9D7A0019C772 /* ZFPlayer_fullscreen@3x.png */; };
		1F9FE8CB1E7F9D7A0019C772 /* ZFPlayer_lock-nor@2x.png in Resources */ = {isa = PBXBuildFile; fileRef = 1F9FE8A41E7F9D7A0019C772 /* ZFPlayer_lock-nor@2x.png */; };
		1F9FE8CC1E7F9D7A0019C772 /* ZFPlayer_lock-nor@3x.png in Resources */ = {isa = PBXBuildFile; fileRef = 1F9FE8A51E7F9D7A0019C772 /* ZFPlayer_lock-nor@3x.png */; };
		1F9FE8CD1E7F9D7A0019C772 /* ZFPlayer_not_download@2x.png in Resources */ = {isa = PBXBuildFile; fileRef = 1F9FE8A61E7F9D7A0019C772 /* ZFPlayer_not_download@2x.png */; };
		1F9FE8CE1E7F9D7A0019C772 /* ZFPlayer_not_download@3x.png in Resources */ = {isa = PBXBuildFile; fileRef = 1F9FE8A71E7F9D7A0019C772 /* ZFPlayer_not_download@3x.png */; };
		1F9FE8CF1E7F9D7A0019C772 /* ZFPlayer_pause.png in Resources */ = {isa = PBXBuildFile; fileRef = 1F9FE8A81E7F9D7A0019C772 /* ZFPlayer_pause.png */; };
		1F9FE8D01E7F9D7A0019C772 /* ZFPlayer_pause@2x.png in Resources */ = {isa = PBXBuildFile; fileRef = 1F9FE8A91E7F9D7A0019C772 /* ZFPlayer_pause@2x.png */; };
		1F9FE8D11E7F9D7A0019C772 /* ZFPlayer_pause@3x.png in Resources */ = {isa = PBXBuildFile; fileRef = 1F9FE8AA1E7F9D7A0019C772 /* ZFPlayer_pause@3x.png */; };
		1F9FE8D21E7F9D7A0019C772 /* ZFPlayer_play@2x.png in Resources */ = {isa = PBXBuildFile; fileRef = 1F9FE8AB1E7F9D7A0019C772 /* ZFPlayer_play@2x.png */; };
		1F9FE8D31E7F9D7A0019C772 /* ZFPlayer_play@3x.png in Resources */ = {isa = PBXBuildFile; fileRef = 1F9FE8AC1E7F9D7A0019C772 /* ZFPlayer_play@3x.png */; };
		1F9FE8D41E7F9D7A0019C772 /* ZFPlayer_play_btn@2x.png in Resources */ = {isa = PBXBuildFile; fileRef = 1F9FE8AD1E7F9D7A0019C772 /* ZFPlayer_play_btn@2x.png */; };
		1F9FE8D51E7F9D7A0019C772 /* ZFPlayer_repeat_video.png in Resources */ = {isa = PBXBuildFile; fileRef = 1F9FE8AE1E7F9D7A0019C772 /* ZFPlayer_repeat_video.png */; };
		1F9FE8D61E7F9D7A0019C772 /* ZFPlayer_repeat_video@2x.png in Resources */ = {isa = PBXBuildFile; fileRef = 1F9FE8AF1E7F9D7A0019C772 /* ZFPlayer_repeat_video@2x.png */; };
		1F9FE8D71E7F9D7A0019C772 /* ZFPlayer_repeat_video@3x.png in Resources */ = {isa = PBXBuildFile; fileRef = 1F9FE8B01E7F9D7A0019C772 /* ZFPlayer_repeat_video@3x.png */; };
		1F9FE8D81E7F9D7A0019C772 /* ZFPlayer_shrinkscreen.png in Resources */ = {isa = PBXBuildFile; fileRef = 1F9FE8B11E7F9D7A0019C772 /* ZFPlayer_shrinkscreen.png */; };
		1F9FE8D91E7F9D7A0019C772 /* ZFPlayer_shrinkscreen@2x.png in Resources */ = {isa = PBXBuildFile; fileRef = 1F9FE8B21E7F9D7A0019C772 /* ZFPlayer_shrinkscreen@2x.png */; };
		1F9FE8DA1E7F9D7A0019C772 /* ZFPlayer_shrinkscreen@3x.png in Resources */ = {isa = PBXBuildFile; fileRef = 1F9FE8B31E7F9D7A0019C772 /* ZFPlayer_shrinkscreen@3x.png */; };
		1F9FE8DB1E7F9D7A0019C772 /* ZFPlayer_slider.png in Resources */ = {isa = PBXBuildFile; fileRef = 1F9FE8B41E7F9D7A0019C772 /* ZFPlayer_slider.png */; };
		1F9FE8DC1E7F9D7A0019C772 /* ZFPlayer_slider@2x.png in Resources */ = {isa = PBXBuildFile; fileRef = 1F9FE8B51E7F9D7A0019C772 /* ZFPlayer_slider@2x.png */; };
		1F9FE8DD1E7F9D7A0019C772 /* ZFPlayer_slider@3x.png in Resources */ = {isa = PBXBuildFile; fileRef = 1F9FE8B61E7F9D7A0019C772 /* ZFPlayer_slider@3x.png */; };
		1F9FE8DE1E7F9D7A0019C772 /* ZFPlayer_top_shadow.png in Resources */ = {isa = PBXBuildFile; fileRef = 1F9FE8B71E7F9D7A0019C772 /* ZFPlayer_top_shadow.png */; };
		1F9FE8DF1E7F9D7A0019C772 /* ZFPlayer_unlock-nor@2x.png in Resources */ = {isa = PBXBuildFile; fileRef = 1F9FE8B81E7F9D7A0019C772 /* ZFPlayer_unlock-nor@2x.png */; };
		1F9FE8E01E7F9D7A0019C772 /* ZFPlayer_unlock-nor@3x.png in Resources */ = {isa = PBXBuildFile; fileRef = 1F9FE8B91E7F9D7A0019C772 /* ZFPlayer_unlock-nor@3x.png */; };
		1F9FE8E21E7F9F1F0019C772 /* DLMBrightnessView.swift in Sources */ = {isa = PBXBuildFile; fileRef = 1F9FE8E11E7F9F1F0019C772 /* DLMBrightnessView.swift */; };
		1F9FE8E41E7FA1E70019C772 /* Common.swift in Sources */ = {isa = PBXBuildFile; fileRef = 1F9FE8E31E7FA1E70019C772 /* Common.swift */; };
		1F9FE8E61E7FA34A0019C772 /* DLMPlayerControlView.swift in Sources */ = {isa = PBXBuildFile; fileRef = 1F9FE8E51E7FA34A0019C772 /* DLMPlayerControlView.swift */; };
		1F9FE8E81E7FA4790019C772 /* ASValueTrackingSlider.swift in Sources */ = {isa = PBXBuildFile; fileRef = 1F9FE8E71E7FA4790019C772 /* ASValueTrackingSlider.swift */; };
		1F9FE9C21E7FC1A30019C772 /* ASValuePopUpView.swift in Sources */ = {isa = PBXBuildFile; fileRef = 1F9FE9C11E7FC1A30019C772 /* ASValuePopUpView.swift */; };
		6D27338B9C61798AAE0B37B7 /* Pods_VideoTest2.framework in Frameworks */ = {isa = PBXBuildFile; fileRef = BD80BFCD085DD3513C1E0D92 /* Pods_VideoTest2.framework */; };
/* End PBXBuildFile section */

/* Begin PBXContainerItemProxy section */
		1F9FE8761E7F99420019C772 /* PBXContainerItemProxy */ = {
			isa = PBXContainerItemProxy;
			containerPortal = 1F9FE8591E7F99410019C772 /* Project object */;
			proxyType = 1;
			remoteGlobalIDString = 1F9FE8601E7F99410019C772;
			remoteInfo = VideoTest2;
		};
		1F9FE8811E7F99420019C772 /* PBXContainerItemProxy */ = {
			isa = PBXContainerItemProxy;
			containerPortal = 1F9FE8591E7F99410019C772 /* Project object */;
			proxyType = 1;
			remoteGlobalIDString = 1F9FE8601E7F99410019C772;
			remoteInfo = VideoTest2;
		};
/* End PBXContainerItemProxy section */

/* Begin PBXFileReference section */
		1F9FE8611E7F99410019C772 /* VideoTest2.app */ = {isa = PBXFileReference; explicitFileType = wrapper.application; includeInIndex = 0; path = VideoTest2.app; sourceTree = BUILT_PRODUCTS_DIR; };
		1F9FE8641E7F99410019C772 /* AppDelegate.swift */ = {isa = PBXFileReference; lastKnownFileType = sourcecode.swift; path = AppDelegate.swift; sourceTree = "<group>"; };
		1F9FE8661E7F99410019C772 /* ViewController.swift */ = {isa = PBXFileReference; lastKnownFileType = sourcecode.swift; path = ViewController.swift; sourceTree = "<group>"; };
		1F9FE8691E7F99410019C772 /* Base */ = {isa = PBXFileReference; lastKnownFileType = file.storyboard; name = Base; path = Base.lproj/Main.storyboard; sourceTree = "<group>"; };
		1F9FE86B1E7F99410019C772 /* Assets.xcassets */ = {isa = PBXFileReference; lastKnownFileType = folder.assetcatalog; path = Assets.xcassets; sourceTree = "<group>"; };
		1F9FE86E1E7F99410019C772 /* Base */ = {isa = PBXFileReference; lastKnownFileType = file.storyboard; name = Base; path = Base.lproj/LaunchScreen.storyboard; sourceTree = "<group>"; };
		1F9FE8701E7F99410019C772 /* Info.plist */ = {isa = PBXFileReference; lastKnownFileType = text.plist.xml; path = Info.plist; sourceTree = "<group>"; };
		1F9FE8751E7F99420019C772 /* VideoTest2Tests.xctest */ = {isa = PBXFileReference; explicitFileType = wrapper.cfbundle; includeInIndex = 0; path = VideoTest2Tests.xctest; sourceTree = BUILT_PRODUCTS_DIR; };
		1F9FE8791E7F99420019C772 /* VideoTest2Tests.swift */ = {isa = PBXFileReference; lastKnownFileType = sourcecode.swift; path = VideoTest2Tests.swift; sourceTree = "<group>"; };
		1F9FE87B1E7F99420019C772 /* Info.plist */ = {isa = PBXFileReference; lastKnownFileType = text.plist.xml; path = Info.plist; sourceTree = "<group>"; };
		1F9FE8801E7F99420019C772 /* VideoTest2UITests.xctest */ = {isa = PBXFileReference; explicitFileType = wrapper.cfbundle; includeInIndex = 0; path = VideoTest2UITests.xctest; sourceTree = BUILT_PRODUCTS_DIR; };
		1F9FE8841E7F99420019C772 /* VideoTest2UITests.swift */ = {isa = PBXFileReference; lastKnownFileType = sourcecode.swift; path = VideoTest2UITests.swift; sourceTree = "<group>"; };
		1F9FE8861E7F99420019C772 /* Info.plist */ = {isa = PBXFileReference; lastKnownFileType = text.plist.xml; path = Info.plist; sourceTree = "<group>"; };
		1F9FE8931E7F9D7A0019C772 /* ZFPlayer_back_full@2x.png */ = {isa = PBXFileReference; lastKnownFileType = image.png; path = "ZFPlayer_back_full@2x.png"; sourceTree = "<group>"; };
		1F9FE8941E7F9D7A0019C772 /* ZFPlayer_back_full@3x.png */ = {isa = PBXFileReference; lastKnownFileType = image.png; path = "ZFPlayer_back_full@3x.png"; sourceTree = "<group>"; };
		1F9FE8951E7F9D7A0019C772 /* ZFPlayer_bottom_shadow.png */ = {isa = PBXFileReference; lastKnownFileType = image.png; path = ZFPlayer_bottom_shadow.png; sourceTree = "<group>"; };
		1F9FE8961E7F9D7A0019C772 /* ZFPlayer_brightness@2x.png */ = {isa = PBXFileReference; lastKnownFileType = image.png; path = "ZFPlayer_brightness@2x.png"; sourceTree = "<group>"; };
		1F9FE8971E7F9D7A0019C772 /* ZFPlayer_close.png */ = {isa = PBXFileReference; lastKnownFileType = image.png; path = ZFPlayer_close.png; sourceTree = "<group>"; };
		1F9FE8981E7F9D7A0019C772 /* ZFPlayer_close@2x.png */ = {isa = PBXFileReference; lastKnownFileType = image.png; path = "ZFPlayer_close@2x.png"; sourceTree = "<group>"; };
		1F9FE8991E7F9D7A0019C772 /* ZFPlayer_close@3x.png */ = {isa = PBXFileReference; lastKnownFileType = image.png; path = "ZFPlayer_close@3x.png"; sourceTree = "<group>"; };
		1F9FE89A1E7F9D7A0019C772 /* ZFPlayer_download@2x.png */ = {isa = PBXFileReference; lastKnownFileType = image.png; path = "ZFPlayer_download@2x.png"; sourceTree = "<group>"; };
		1F9FE89B1E7F9D7A0019C772 /* ZFPlayer_download@3x.png */ = {isa = PBXFileReference; lastKnownFileType = image.png; path = "ZFPlayer_download@3x.png"; sourceTree = "<group>"; };
		1F9FE89C1E7F9D7A0019C772 /* ZFPlayer_fast_backward@2x.png */ = {isa = PBXFileReference; lastKnownFileType = image.png; path = "ZFPlayer_fast_backward@2x.png"; sourceTree = "<group>"; };
		1F9FE89D1E7F9D7A0019C772 /* ZFPlayer_fast_backward@3x.png */ = {isa = PBXFileReference; lastKnownFileType = image.png; path = "ZFPlayer_fast_backward@3x.png"; sourceTree = "<group>"; };
		1F9FE89E1E7F9D7A0019C772 /* ZFPlayer_fast_forward@2x.png */ = {isa = PBXFileReference; lastKnownFileType = image.png; path = "ZFPlayer_fast_forward@2x.png"; sourceTree = "<group>"; };
		1F9FE89F1E7F9D7A0019C772 /* ZFPlayer_fast_forward@3x.png */ = {isa = PBXFileReference; lastKnownFileType = image.png; path = "ZFPlayer_fast_forward@3x.png"; sourceTree = "<group>"; };
		1F9FE8A01E7F9D7A0019C772 /* ZFPlayer_fullscreen.png */ = {isa = PBXFileReference; lastKnownFileType = image.png; path = ZFPlayer_fullscreen.png; sourceTree = "<group>"; };
		1F9FE8A11E7F9D7A0019C772 /* ZFPlayer_fullscreen@2x.png */ = {isa = PBXFileReference; lastKnownFileType = image.png; path = "ZFPlayer_fullscreen@2x.png"; sourceTree = "<group>"; };
		1F9FE8A21E7F9D7A0019C772 /* ZFPlayer_fullscreen@3x.png */ = {isa = PBXFileReference; lastKnownFileType = image.png; path = "ZFPlayer_fullscreen@3x.png"; sourceTree = "<group>"; };
		1F9FE8A41E7F9D7A0019C772 /* ZFPlayer_lock-nor@2x.png */ = {isa = PBXFileReference; lastKnownFileType = image.png; path = "ZFPlayer_lock-nor@2x.png"; sourceTree = "<group>"; };
		1F9FE8A51E7F9D7A0019C772 /* ZFPlayer_lock-nor@3x.png */ = {isa = PBXFileReference; lastKnownFileType = image.png; path = "ZFPlayer_lock-nor@3x.png"; sourceTree = "<group>"; };
		1F9FE8A61E7F9D7A0019C772 /* ZFPlayer_not_download@2x.png */ = {isa = PBXFileReference; lastKnownFileType = image.png; path = "ZFPlayer_not_download@2x.png"; sourceTree = "<group>"; };
		1F9FE8A71E7F9D7A0019C772 /* ZFPlayer_not_download@3x.png */ = {isa = PBXFileReference; lastKnownFileType = image.png; path = "ZFPlayer_not_download@3x.png"; sourceTree = "<group>"; };
		1F9FE8A81E7F9D7A0019C772 /* ZFPlayer_pause.png */ = {isa = PBXFileReference; lastKnownFileType = image.png; path = ZFPlayer_pause.png; sourceTree = "<group>"; };
		1F9FE8A91E7F9D7A0019C772 /* ZFPlayer_pause@2x.png */ = {isa = PBXFileReference; lastKnownFileType = image.png; path = "ZFPlayer_pause@2x.png"; sourceTree = "<group>"; };
		1F9FE8AA1E7F9D7A0019C772 /* ZFPlayer_pause@3x.png */ = {isa = PBXFileReference; lastKnownFileType = image.png; path = "ZFPlayer_pause@3x.png"; sourceTree = "<group>"; };
		1F9FE8AB1E7F9D7A0019C772 /* ZFPlayer_play@2x.png */ = {isa = PBXFileReference; lastKnownFileType = image.png; path = "ZFPlayer_play@2x.png"; sourceTree = "<group>"; };
		1F9FE8AC1E7F9D7A0019C772 /* ZFPlayer_play@3x.png */ = {isa = PBXFileReference; lastKnownFileType = image.png; path = "ZFPlayer_play@3x.png"; sourceTree = "<group>"; };
		1F9FE8AD1E7F9D7A0019C772 /* ZFPlayer_play_btn@2x.png */ = {isa = PBXFileReference; lastKnownFileType = image.png; path = "ZFPlayer_play_btn@2x.png"; sourceTree = "<group>"; };
		1F9FE8AE1E7F9D7A0019C772 /* ZFPlayer_repeat_video.png */ = {isa = PBXFileReference; lastKnownFileType = image.png; path = ZFPlayer_repeat_video.png; sourceTree = "<group>"; };
		1F9FE8AF1E7F9D7A0019C772 /* ZFPlayer_repeat_video@2x.png */ = {isa = PBXFileReference; lastKnownFileType = image.png; path = "ZFPlayer_repeat_video@2x.png"; sourceTree = "<group>"; };
		1F9FE8B01E7F9D7A0019C772 /* ZFPlayer_repeat_video@3x.png */ = {isa = PBXFileReference; lastKnownFileType = image.png; path = "ZFPlayer_repeat_video@3x.png"; sourceTree = "<group>"; };
		1F9FE8B11E7F9D7A0019C772 /* ZFPlayer_shrinkscreen.png */ = {isa = PBXFileReference; lastKnownFileType = image.png; path = ZFPlayer_shrinkscreen.png; sourceTree = "<group>"; };
		1F9FE8B21E7F9D7A0019C772 /* ZFPlayer_shrinkscreen@2x.png */ = {isa = PBXFileReference; lastKnownFileType = image.png; path = "ZFPlayer_shrinkscreen@2x.png"; sourceTree = "<group>"; };
		1F9FE8B31E7F9D7A0019C772 /* ZFPlayer_shrinkscreen@3x.png */ = {isa = PBXFileReference; lastKnownFileType = image.png; path = "ZFPlayer_shrinkscreen@3x.png"; sourceTree = "<group>"; };
		1F9FE8B41E7F9D7A0019C772 /* ZFPlayer_slider.png */ = {isa = PBXFileReference; lastKnownFileType = image.png; path = ZFPlayer_slider.png; sourceTree = "<group>"; };
		1F9FE8B51E7F9D7A0019C772 /* ZFPlayer_slider@2x.png */ = {isa = PBXFileReference; lastKnownFileType = image.png; path = "ZFPlayer_slider@2x.png"; sourceTree = "<group>"; };
		1F9FE8B61E7F9D7A0019C772 /* ZFPlayer_slider@3x.png */ = {isa = PBXFileReference; lastKnownFileType = image.png; path = "ZFPlayer_slider@3x.png"; sourceTree = "<group>"; };
		1F9FE8B71E7F9D7A0019C772 /* ZFPlayer_top_shadow.png */ = {isa = PBXFileReference; lastKnownFileType = image.png; path = ZFPlayer_top_shadow.png; sourceTree = "<group>"; };
		1F9FE8B81E7F9D7A0019C772 /* ZFPlayer_unlock-nor@2x.png */ = {isa = PBXFileReference; lastKnownFileType = image.png; path = "ZFPlayer_unlock-nor@2x.png"; sourceTree = "<group>"; };
		1F9FE8B91E7F9D7A0019C772 /* ZFPlayer_unlock-nor@3x.png */ = {isa = PBXFileReference; lastKnownFileType = image.png; path = "ZFPlayer_unlock-nor@3x.png"; sourceTree = "<group>"; };
		1F9FE8E11E7F9F1F0019C772 /* DLMBrightnessView.swift */ = {isa = PBXFileReference; fileEncoding = 4; lastKnownFileType = sourcecode.swift; path = DLMBrightnessView.swift; sourceTree = "<group>"; };
		1F9FE8E31E7FA1E70019C772 /* Common.swift */ = {isa = PBXFileReference; fileEncoding = 4; lastKnownFileType = sourcecode.swift; path = Common.swift; sourceTree = "<group>"; };
		1F9FE8E51E7FA34A0019C772 /* DLMPlayerControlView.swift */ = {isa = PBXFileReference; fileEncoding = 4; lastKnownFileType = sourcecode.swift; path = DLMPlayerControlView.swift; sourceTree = "<group>"; };
		1F9FE8E71E7FA4790019C772 /* ASValueTrackingSlider.swift */ = {isa = PBXFileReference; fileEncoding = 4; lastKnownFileType = sourcecode.swift; path = ASValueTrackingSlider.swift; sourceTree = "<group>"; };
		1F9FE9C11E7FC1A30019C772 /* ASValuePopUpView.swift */ = {isa = PBXFileReference; fileEncoding = 4; lastKnownFileType = sourcecode.swift; path = ASValuePopUpView.swift; sourceTree = "<group>"; };
		29D4E186EDB8296C1D05F763 /* Pods-VideoTest2.release.xcconfig */ = {isa = PBXFileReference; includeInIndex = 1; lastKnownFileType = text.xcconfig; name = "Pods-VideoTest2.release.xcconfig"; path = "Pods/Target Support Files/Pods-VideoTest2/Pods-VideoTest2.release.xcconfig"; sourceTree = "<group>"; };
		4288AD777495501E9C9CCCCC /* Pods-VideoTest2.debug.xcconfig */ = {isa = PBXFileReference; includeInIndex = 1; lastKnownFileType = text.xcconfig; name = "Pods-VideoTest2.debug.xcconfig"; path = "Pods/Target Support Files/Pods-VideoTest2/Pods-VideoTest2.debug.xcconfig"; sourceTree = "<group>"; };
		BD80BFCD085DD3513C1E0D92 /* Pods_VideoTest2.framework */ = {isa = PBXFileReference; explicitFileType = wrapper.framework; includeInIndex = 0; path = Pods_VideoTest2.framework; sourceTree = BUILT_PRODUCTS_DIR; };
/* End PBXFileReference section */

/* Begin PBXFrameworksBuildPhase section */
		1F9FE85E1E7F99410019C772 /* Frameworks */ = {
			isa = PBXFrameworksBuildPhase;
			buildActionMask = 2147483647;
			files = (
				6D27338B9C61798AAE0B37B7 /* Pods_VideoTest2.framework in Frameworks */,
			);
			runOnlyForDeploymentPostprocessing = 0;
		};
		1F9FE8721E7F99420019C772 /* Frameworks */ = {
			isa = PBXFrameworksBuildPhase;
			buildActionMask = 2147483647;
			files = (
			);
			runOnlyForDeploymentPostprocessing = 0;
		};
		1F9FE87D1E7F99420019C772 /* Frameworks */ = {
			isa = PBXFrameworksBuildPhase;
			buildActionMask = 2147483647;
			files = (
			);
			runOnlyForDeploymentPostprocessing = 0;
		};
/* End PBXFrameworksBuildPhase section */

/* Begin PBXGroup section */
		1F9FE8581E7F99410019C772 = {
			isa = PBXGroup;
			children = (
				1F9FE8631E7F99410019C772 /* VideoTest2 */,
				1F9FE8781E7F99420019C772 /* VideoTest2Tests */,
				1F9FE8831E7F99420019C772 /* VideoTest2UITests */,
				1F9FE8621E7F99410019C772 /* Products */,
				775A5C1FD31C5EBB797CA22A /* Pods */,
				2D0418B701136D022948D4B9 /* Frameworks */,
			);
			sourceTree = "<group>";
		};
		1F9FE8621E7F99410019C772 /* Products */ = {
			isa = PBXGroup;
			children = (
				1F9FE8611E7F99410019C772 /* VideoTest2.app */,
				1F9FE8751E7F99420019C772 /* VideoTest2Tests.xctest */,
				1F9FE8801E7F99420019C772 /* VideoTest2UITests.xctest */,
			);
			name = Products;
			sourceTree = "<group>";
		};
		1F9FE8631E7F99410019C772 /* VideoTest2 */ = {
			isa = PBXGroup;
			children = (
				1F9FE8641E7F99410019C772 /* AppDelegate.swift */,
				1F9FE8661E7F99410019C772 /* ViewController.swift */,
				1F9FE8E51E7FA34A0019C772 /* DLMPlayerControlView.swift */,
				1F9FE8E71E7FA4790019C772 /* ASValueTrackingSlider.swift */,
				1F9FE9C11E7FC1A30019C772 /* ASValuePopUpView.swift */,
				1F9FE8E11E7F9F1F0019C772 /* DLMBrightnessView.swift */,
				1F9FE8E31E7FA1E70019C772 /* Common.swift */,
				1F9FE8681E7F99410019C772 /* Main.storyboard */,
				1F9FE86B1E7F99410019C772 /* Assets.xcassets */,
				1F9FE86D1E7F99410019C772 /* LaunchScreen.storyboard */,
				1F9FE8701E7F99410019C772 /* Info.plist */,
				1F9FE8921E7F9D7A0019C772 /* Resource */,
			);
			path = VideoTest2;
			sourceTree = "<group>";
		};
		1F9FE8781E7F99420019C772 /* VideoTest2Tests */ = {
			isa = PBXGroup;
			children = (
				1F9FE8791E7F99420019C772 /* VideoTest2Tests.swift */,
				1F9FE87B1E7F99420019C772 /* Info.plist */,
			);
			path = VideoTest2Tests;
			sourceTree = "<group>";
		};
		1F9FE8831E7F99420019C772 /* VideoTest2UITests */ = {
			isa = PBXGroup;
			children = (
				1F9FE8841E7F99420019C772 /* VideoTest2UITests.swift */,
				1F9FE8861E7F99420019C772 /* Info.plist */,
			);
			path = VideoTest2UITests;
			sourceTree = "<group>";
		};
		1F9FE8921E7F9D7A0019C772 /* Resource */ = {
			isa = PBXGroup;
			children = (
				1F9FE8931E7F9D7A0019C772 /* ZFPlayer_back_full@2x.png */,
				1F9FE8941E7F9D7A0019C772 /* ZFPlayer_back_full@3x.png */,
				1F9FE8951E7F9D7A0019C772 /* ZFPlayer_bottom_shadow.png */,
				1F9FE8961E7F9D7A0019C772 /* ZFPlayer_brightness@2x.png */,
				1F9FE8971E7F9D7A0019C772 /* ZFPlayer_close.png */,
				1F9FE8981E7F9D7A0019C772 /* ZFPlayer_close@2x.png */,
				1F9FE8991E7F9D7A0019C772 /* ZFPlayer_close@3x.png */,
				1F9FE89A1E7F9D7A0019C772 /* ZFPlayer_download@2x.png */,
				1F9FE89B1E7F9D7A0019C772 /* ZFPlayer_download@3x.png */,
				1F9FE89C1E7F9D7A0019C772 /* ZFPlayer_fast_backward@2x.png */,
				1F9FE89D1E7F9D7A0019C772 /* ZFPlayer_fast_backward@3x.png */,
				1F9FE89E1E7F9D7A0019C772 /* ZFPlayer_fast_forward@2x.png */,
				1F9FE89F1E7F9D7A0019C772 /* ZFPlayer_fast_forward@3x.png */,
				1F9FE8A01E7F9D7A0019C772 /* ZFPlayer_fullscreen.png */,
				1F9FE8A11E7F9D7A0019C772 /* ZFPlayer_fullscreen@2x.png */,
				1F9FE8A21E7F9D7A0019C772 /* ZFPlayer_fullscreen@3x.png */,
				1F9FE8A41E7F9D7A0019C772 /* ZFPlayer_lock-nor@2x.png */,
				1F9FE8A51E7F9D7A0019C772 /* ZFPlayer_lock-nor@3x.png */,
				1F9FE8A61E7F9D7A0019C772 /* ZFPlayer_not_download@2x.png */,
				1F9FE8A71E7F9D7A0019C772 /* ZFPlayer_not_download@3x.png */,
				1F9FE8A81E7F9D7A0019C772 /* ZFPlayer_pause.png */,
				1F9FE8A91E7F9D7A0019C772 /* ZFPlayer_pause@2x.png */,
				1F9FE8AA1E7F9D7A0019C772 /* ZFPlayer_pause@3x.png */,
				1F9FE8AB1E7F9D7A0019C772 /* ZFPlayer_play@2x.png */,
				1F9FE8AC1E7F9D7A0019C772 /* ZFPlayer_play@3x.png */,
				1F9FE8AD1E7F9D7A0019C772 /* ZFPlayer_play_btn@2x.png */,
				1F9FE8AE1E7F9D7A0019C772 /* ZFPlayer_repeat_video.png */,
				1F9FE8AF1E7F9D7A0019C772 /* ZFPlayer_repeat_video@2x.png */,
				1F9FE8B01E7F9D7A0019C772 /* ZFPlayer_repeat_video@3x.png */,
				1F9FE8B11E7F9D7A0019C772 /* ZFPlayer_shrinkscreen.png */,
				1F9FE8B21E7F9D7A0019C772 /* ZFPlayer_shrinkscreen@2x.png */,
				1F9FE8B31E7F9D7A0019C772 /* ZFPlayer_shrinkscreen@3x.png */,
				1F9FE8B41E7F9D7A0019C772 /* ZFPlayer_slider.png */,
				1F9FE8B51E7F9D7A0019C772 /* ZFPlayer_slider@2x.png */,
				1F9FE8B61E7F9D7A0019C772 /* ZFPlayer_slider@3x.png */,
				1F9FE8B71E7F9D7A0019C772 /* ZFPlayer_top_shadow.png */,
				1F9FE8B81E7F9D7A0019C772 /* ZFPlayer_unlock-nor@2x.png */,
				1F9FE8B91E7F9D7A0019C772 /* ZFPlayer_unlock-nor@3x.png */,
			);
			path = Resource;
			sourceTree = "<group>";
		};
		2D0418B701136D022948D4B9 /* Frameworks */ = {
			isa = PBXGroup;
			children = (
				BD80BFCD085DD3513C1E0D92 /* Pods_VideoTest2.framework */,
			);
			name = Frameworks;
			sourceTree = "<group>";
		};
		775A5C1FD31C5EBB797CA22A /* Pods */ = {
			isa = PBXGroup;
			children = (
				4288AD777495501E9C9CCCCC /* Pods-VideoTest2.debug.xcconfig */,
				29D4E186EDB8296C1D05F763 /* Pods-VideoTest2.release.xcconfig */,
			);
			name = Pods;
			sourceTree = "<group>";
		};
/* End PBXGroup section */

/* Begin PBXNativeTarget section */
		1F9FE8601E7F99410019C772 /* VideoTest2 */ = {
			isa = PBXNativeTarget;
			buildConfigurationList = 1F9FE8891E7F99420019C772 /* Build configuration list for PBXNativeTarget "VideoTest2" */;
			buildPhases = (
				12D27997EFF6B10C9CBEEE78 /* [CP] Check Pods Manifest.lock */,
				1F9FE85D1E7F99410019C772 /* Sources */,
				1F9FE85E1E7F99410019C772 /* Frameworks */,
				1F9FE85F1E7F99410019C772 /* Resources */,
				058E6BF64E408EE36E056540 /* [CP] Embed Pods Frameworks */,
				52A1B6A16E2EE24980C7B689 /* [CP] Copy Pods Resources */,
			);
			buildRules = (
			);
			dependencies = (
			);
			name = VideoTest2;
			productName = VideoTest2;
			productReference = 1F9FE8611E7F99410019C772 /* VideoTest2.app */;
			productType = "com.apple.product-type.application";
		};
		1F9FE8741E7F99420019C772 /* VideoTest2Tests */ = {
			isa = PBXNativeTarget;
			buildConfigurationList = 1F9FE88C1E7F99420019C772 /* Build configuration list for PBXNativeTarget "VideoTest2Tests" */;
			buildPhases = (
				1F9FE8711E7F99420019C772 /* Sources */,
				1F9FE8721E7F99420019C772 /* Frameworks */,
				1F9FE8731E7F99420019C772 /* Resources */,
			);
			buildRules = (
			);
			dependencies = (
				1F9FE8771E7F99420019C772 /* PBXTargetDependency */,
			);
			name = VideoTest2Tests;
			productName = VideoTest2Tests;
			productReference = 1F9FE8751E7F99420019C772 /* VideoTest2Tests.xctest */;
			productType = "com.apple.product-type.bundle.unit-test";
		};
		1F9FE87F1E7F99420019C772 /* VideoTest2UITests */ = {
			isa = PBXNativeTarget;
			buildConfigurationList = 1F9FE88F1E7F99420019C772 /* Build configuration list for PBXNativeTarget "VideoTest2UITests" */;
			buildPhases = (
				1F9FE87C1E7F99420019C772 /* Sources */,
				1F9FE87D1E7F99420019C772 /* Frameworks */,
				1F9FE87E1E7F99420019C772 /* Resources */,
			);
			buildRules = (
			);
			dependencies = (
				1F9FE8821E7F99420019C772 /* PBXTargetDependency */,
			);
			name = VideoTest2UITests;
			productName = VideoTest2UITests;
			productReference = 1F9FE8801E7F99420019C772 /* VideoTest2UITests.xctest */;
			productType = "com.apple.product-type.bundle.ui-testing";
		};
/* End PBXNativeTarget section */

/* Begin PBXProject section */
		1F9FE8591E7F99410019C772 /* Project object */ = {
			isa = PBXProject;
			attributes = {
				LastSwiftUpdateCheck = 0820;
				LastUpgradeCheck = 0820;
				ORGANIZATIONNAME = zhang;
				TargetAttributes = {
					1F9FE8601E7F99410019C772 = {
						CreatedOnToolsVersion = 8.2.1;
						ProvisioningStyle = Automatic;
					};
					1F9FE8741E7F99420019C772 = {
						CreatedOnToolsVersion = 8.2.1;
						ProvisioningStyle = Automatic;
						TestTargetID = 1F9FE8601E7F99410019C772;
					};
					1F9FE87F1E7F99420019C772 = {
						CreatedOnToolsVersion = 8.2.1;
						ProvisioningStyle = Automatic;
						TestTargetID = 1F9FE8601E7F99410019C772;
					};
				};
			};
			buildConfigurationList = 1F9FE85C1E7F99410019C772 /* Build configuration list for PBXProject "VideoTest2" */;
			compatibilityVersion = "Xcode 3.2";
			developmentRegion = English;
			hasScannedForEncodings = 0;
			knownRegions = (
				en,
				Base,
			);
			mainGroup = 1F9FE8581E7F99410019C772;
			productRefGroup = 1F9FE8621E7F99410019C772 /* Products */;
			projectDirPath = "";
			projectRoot = "";
			targets = (
				1F9FE8601E7F99410019C772 /* VideoTest2 */,
				1F9FE8741E7F99420019C772 /* VideoTest2Tests */,
				1F9FE87F1E7F99420019C772 /* VideoTest2UITests */,
			);
		};
/* End PBXProject section */

/* Begin PBXResourcesBuildPhase section */
		1F9FE85F1E7F99410019C772 /* Resources */ = {
			isa = PBXResourcesBuildPhase;
			buildActionMask = 2147483647;
			files = (
				1F9FE86F1E7F99410019C772 /* LaunchScreen.storyboard in Resources */,
				1F9FE8DA1E7F9D7A0019C772 /* ZFPlayer_shrinkscreen@3x.png in Resources */,
				1F9FE8CF1E7F9D7A0019C772 /* ZFPlayer_pause.png in Resources */,
				1F9FE8C31E7F9D7A0019C772 /* ZFPlayer_fast_backward@2x.png in Resources */,
				1F9FE8BD1E7F9D7A0019C772 /* ZFPlayer_brightness@2x.png in Resources */,
				1F9FE8CB1E7F9D7A0019C772 /* ZFPlayer_lock-nor@2x.png in Resources */,
				1F9FE8DE1E7F9D7A0019C772 /* ZFPlayer_top_shadow.png in Resources */,
				1F9FE8D31E7F9D7A0019C772 /* ZFPlayer_play@3x.png in Resources */,
				1F9FE8C21E7F9D7A0019C772 /* ZFPlayer_download@3x.png in Resources */,
				1F9FE8D71E7F9D7A0019C772 /* ZFPlayer_repeat_video@3x.png in Resources */,
				1F9FE8BB1E7F9D7A0019C772 /* ZFPlayer_back_full@3x.png in Resources */,
				1F9FE8BF1E7F9D7A0019C772 /* ZFPlayer_close@2x.png in Resources */,
				1F9FE8D11E7F9D7A0019C772 /* ZFPlayer_pause@3x.png in Resources */,
				1F9FE8CC1E7F9D7A0019C772 /* ZFPlayer_lock-nor@3x.png in Resources */,
				1F9FE8C91E7F9D7A0019C772 /* ZFPlayer_fullscreen@3x.png in Resources */,
				1F9FE8BA1E7F9D7A0019C772 /* ZFPlayer_back_full@2x.png in Resources */,
				1F9FE86C1E7F99410019C772 /* Assets.xcassets in Resources */,
				1F9FE8C61E7F9D7A0019C772 /* ZFPlayer_fast_forward@3x.png in Resources */,
				1F9FE8C71E7F9D7A0019C772 /* ZFPlayer_fullscreen.png in Resources */,
				1F9FE8D41E7F9D7A0019C772 /* ZFPlayer_play_btn@2x.png in Resources */,
				1F9FE8DD1E7F9D7A0019C772 /* ZFPlayer_slider@3x.png in Resources */,
				1F9FE86A1E7F99410019C772 /* Main.storyboard in Resources */,
				1F9FE8E01E7F9D7A0019C772 /* ZFPlayer_unlock-nor@3x.png in Resources */,
				1F9FE8DC1E7F9D7A0019C772 /* ZFPlayer_slider@2x.png in Resources */,
				1F9FE8C41E7F9D7A0019C772 /* ZFPlayer_fast_backward@3x.png in Resources */,
				1F9FE8C01E7F9D7A0019C772 /* ZFPlayer_close@3x.png in Resources */,
				1F9FE8D51E7F9D7A0019C772 /* ZFPlayer_repeat_video.png in Resources */,
				1F9FE8BC1E7F9D7A0019C772 /* ZFPlayer_bottom_shadow.png in Resources */,
				1F9FE8D81E7F9D7A0019C772 /* ZFPlayer_shrinkscreen.png in Resources */,
				1F9FE8DB1E7F9D7A0019C772 /* ZFPlayer_slider.png in Resources */,
				1F9FE8D91E7F9D7A0019C772 /* ZFPlayer_shrinkscreen@2x.png in Resources */,
				1F9FE8D01E7F9D7A0019C772 /* ZFPlayer_pause@2x.png in Resources */,
				1F9FE8C81E7F9D7A0019C772 /* ZFPlayer_fullscreen@2x.png in Resources */,
				1F9FE8C11E7F9D7A0019C772 /* ZFPlayer_download@2x.png in Resources */,
				1F9FE8C51E7F9D7A0019C772 /* ZFPlayer_fast_forward@2x.png in Resources */,
				1F9FE8DF1E7F9D7A0019C772 /* ZFPlayer_unlock-nor@2x.png in Resources */,
				1F9FE8D21E7F9D7A0019C772 /* ZFPlayer_play@2x.png in Resources */,
				1F9FE8CD1E7F9D7A0019C772 /* ZFPlayer_not_download@2x.png in Resources */,
				1F9FE8D61E7F9D7A0019C772 /* ZFPlayer_repeat_video@2x.png in Resources */,
				1F9FE8BE1E7F9D7A0019C772 /* ZFPlayer_close.png in Resources */,
				1F9FE8CE1E7F9D7A0019C772 /* ZFPlayer_not_download@3x.png in Resources */,
			);
			runOnlyForDeploymentPostprocessing = 0;
		};
		1F9FE8731E7F99420019C772 /* Resources */ = {
			isa = PBXResourcesBuildPhase;
			buildActionMask = 2147483647;
			files = (
			);
			runOnlyForDeploymentPostprocessing = 0;
		};
		1F9FE87E1E7F99420019C772 /* Resources */ = {
			isa = PBXResourcesBuildPhase;
			buildActionMask = 2147483647;
			files = (
			);
			runOnlyForDeploymentPostprocessing = 0;
		};
/* End PBXResourcesBuildPhase section */

/* Begin PBXShellScriptBuildPhase section */
		058E6BF64E408EE36E056540 /* [CP] Embed Pods Frameworks */ = {
			isa = PBXShellScriptBuildPhase;
			buildActionMask = 2147483647;
			files = (
			);
			inputPaths = (
			);
			name = "[CP] Embed Pods Frameworks";
			outputPaths = (
			);
			runOnlyForDeploymentPostprocessing = 0;
			shellPath = /bin/sh;
			shellScript = "\"${SRCROOT}/Pods/Target Support Files/Pods-VideoTest2/Pods-VideoTest2-frameworks.sh\"\n";
			showEnvVarsInLog = 0;
		};
		12D27997EFF6B10C9CBEEE78 /* [CP] Check Pods Manifest.lock */ = {
			isa = PBXShellScriptBuildPhase;
			buildActionMask = 2147483647;
			files = (
			);
			inputPaths = (
			);
			name = "[CP] Check Pods Manifest.lock";
			outputPaths = (
			);
			runOnlyForDeploymentPostprocessing = 0;
			shellPath = /bin/sh;
			shellScript = "diff \"${PODS_ROOT}/../Podfile.lock\" \"${PODS_ROOT}/Manifest.lock\" > /dev/null\nif [ $? != 0 ] ; then\n    # print error to STDERR\n    echo \"error: The sandbox is not in sync with the Podfile.lock. Run 'pod install' or update your CocoaPods installation.\" >&2\n    exit 1\nfi\n";
			showEnvVarsInLog = 0;
		};
		52A1B6A16E2EE24980C7B689 /* [CP] Copy Pods Resources */ = {
			isa = PBXShellScriptBuildPhase;
			buildActionMask = 2147483647;
			files = (
			);
			inputPaths = (
			);
			name = "[CP] Copy Pods Resources";
			outputPaths = (
			);
			runOnlyForDeploymentPostprocessing = 0;
			shellPath = /bin/sh;
			shellScript = "\"${SRCROOT}/Pods/Target Support Files/Pods-VideoTest2/Pods-VideoTest2-resources.sh\"\n";
			showEnvVarsInLog = 0;
		};
/* End PBXShellScriptBuildPhase section */

/* Begin PBXSourcesBuildPhase section */
		1F9FE85D1E7F99410019C772 /* Sources */ = {
			isa = PBXSourcesBuildPhase;
			buildActionMask = 2147483647;
			files = (
				1F9FE8E41E7FA1E70019C772 /* Common.swift in Sources */,
				1F9FE8E81E7FA4790019C772 /* ASValueTrackingSlider.swift in Sources */,
				1F9FE9C21E7FC1A30019C772 /* ASValuePopUpView.swift in Sources */,
				1F9FE8671E7F99410019C772 /* ViewController.swift in Sources */,
				1F9FE8E61E7FA34A0019C772 /* DLMPlayerControlView.swift in Sources */,
				1F9FE8651E7F99410019C772 /* AppDelegate.swift in Sources */,
				1F9FE8E21E7F9F1F0019C772 /* DLMBrightnessView.swift in Sources */,
			);
			runOnlyForDeploymentPostprocessing = 0;
		};
		1F9FE8711E7F99420019C772 /* Sources */ = {
			isa = PBXSourcesBuildPhase;
			buildActionMask = 2147483647;
			files = (
				1F9FE87A1E7F99420019C772 /* VideoTest2Tests.swift in Sources */,
			);
			runOnlyForDeploymentPostprocessing = 0;
		};
		1F9FE87C1E7F99420019C772 /* Sources */ = {
			isa = PBXSourcesBuildPhase;
			buildActionMask = 2147483647;
			files = (
				1F9FE8851E7F99420019C772 /* VideoTest2UITests.swift in Sources */,
			);
			runOnlyForDeploymentPostprocessing = 0;
		};
/* End PBXSourcesBuildPhase section */

/* Begin PBXTargetDependency section */
		1F9FE8771E7F99420019C772 /* PBXTargetDependency */ = {
			isa = PBXTargetDependency;
			target = 1F9FE8601E7F99410019C772 /* VideoTest2 */;
			targetProxy = 1F9FE8761E7F99420019C772 /* PBXContainerItemProxy */;
		};
		1F9FE8821E7F99420019C772 /* PBXTargetDependency */ = {
			isa = PBXTargetDependency;
			target = 1F9FE8601E7F99410019C772 /* VideoTest2 */;
			targetProxy = 1F9FE8811E7F99420019C772 /* PBXContainerItemProxy */;
		};
/* End PBXTargetDependency section */

/* Begin PBXVariantGroup section */
		1F9FE8681E7F99410019C772 /* Main.storyboard */ = {
			isa = PBXVariantGroup;
			children = (
				1F9FE8691E7F99410019C772 /* Base */,
			);
			name = Main.storyboard;
			sourceTree = "<group>";
		};
		1F9FE86D1E7F99410019C772 /* LaunchScreen.storyboard */ = {
			isa = PBXVariantGroup;
			children = (
				1F9FE86E1E7F99410019C772 /* Base */,
			);
			name = LaunchScreen.storyboard;
			sourceTree = "<group>";
		};
/* End PBXVariantGroup section */

/* Begin XCBuildConfiguration section */
		1F9FE8871E7F99420019C772 /* Debug */ = {
			isa = XCBuildConfiguration;
			buildSettings = {
				ALWAYS_SEARCH_USER_PATHS = NO;
				CLANG_ANALYZER_NONNULL = YES;
				CLANG_CXX_LANGUAGE_STANDARD = "gnu++0x";
				CLANG_CXX_LIBRARY = "libc++";
				CLANG_ENABLE_MODULES = YES;
				CLANG_ENABLE_OBJC_ARC = YES;
				CLANG_WARN_BOOL_CONVERSION = YES;
				CLANG_WARN_CONSTANT_CONVERSION = YES;
				CLANG_WARN_DIRECT_OBJC_ISA_USAGE = YES_ERROR;
				CLANG_WARN_DOCUMENTATION_COMMENTS = YES;
				CLANG_WARN_EMPTY_BODY = YES;
				CLANG_WARN_ENUM_CONVERSION = YES;
				CLANG_WARN_INFINITE_RECURSION = YES;
				CLANG_WARN_INT_CONVERSION = YES;
				CLANG_WARN_OBJC_ROOT_CLASS = YES_ERROR;
				CLANG_WARN_SUSPICIOUS_MOVE = YES;
				CLANG_WARN_UNREACHABLE_CODE = YES;
				CLANG_WARN__DUPLICATE_METHOD_MATCH = YES;
				"CODE_SIGN_IDENTITY[sdk=iphoneos*]" = "iPhone Developer";
				COPY_PHASE_STRIP = NO;
				DEBUG_INFORMATION_FORMAT = dwarf;
				ENABLE_STRICT_OBJC_MSGSEND = YES;
				ENABLE_TESTABILITY = YES;
				GCC_C_LANGUAGE_STANDARD = gnu99;
				GCC_DYNAMIC_NO_PIC = NO;
				GCC_NO_COMMON_BLOCKS = YES;
				GCC_OPTIMIZATION_LEVEL = 0;
				GCC_PREPROCESSOR_DEFINITIONS = (
					"DEBUG=1",
					"$(inherited)",
				);
				GCC_WARN_64_TO_32_BIT_CONVERSION = YES;
				GCC_WARN_ABOUT_RETURN_TYPE = YES_ERROR;
				GCC_WARN_UNDECLARED_SELECTOR = YES;
				GCC_WARN_UNINITIALIZED_AUTOS = YES_AGGRESSIVE;
				GCC_WARN_UNUSED_FUNCTION = YES;
				GCC_WARN_UNUSED_VARIABLE = YES;
				IPHONEOS_DEPLOYMENT_TARGET = 10.2;
				MTL_ENABLE_DEBUG_INFO = YES;
				ONLY_ACTIVE_ARCH = YES;
				SDKROOT = iphoneos;
				SWIFT_ACTIVE_COMPILATION_CONDITIONS = DEBUG;
				SWIFT_OPTIMIZATION_LEVEL = "-Onone";
				TARGETED_DEVICE_FAMILY = "1,2";
			};
			name = Debug;
		};
		1F9FE8881E7F99420019C772 /* Release */ = {
			isa = XCBuildConfiguration;
			buildSettings = {
				ALWAYS_SEARCH_USER_PATHS = NO;
				CLANG_ANALYZER_NONNULL = YES;
				CLANG_CXX_LANGUAGE_STANDARD = "gnu++0x";
				CLANG_CXX_LIBRARY = "libc++";
				CLANG_ENABLE_MODULES = YES;
				CLANG_ENABLE_OBJC_ARC = YES;
				CLANG_WARN_BOOL_CONVERSION = YES;
				CLANG_WARN_CONSTANT_CONVERSION = YES;
				CLANG_WARN_DIRECT_OBJC_ISA_USAGE = YES_ERROR;
				CLANG_WARN_DOCUMENTATION_COMMENTS = YES;
				CLANG_WARN_EMPTY_BODY = YES;
				CLANG_WARN_ENUM_CONVERSION = YES;
				CLANG_WARN_INFINITE_RECURSION = YES;
				CLANG_WARN_INT_CONVERSION = YES;
				CLANG_WARN_OBJC_ROOT_CLASS = YES_ERROR;
				CLANG_WARN_SUSPICIOUS_MOVE = YES;
				CLANG_WARN_UNREACHABLE_CODE = YES;
				CLANG_WARN__DUPLICATE_METHOD_MATCH = YES;
				"CODE_SIGN_IDENTITY[sdk=iphoneos*]" = "iPhone Developer";
				COPY_PHASE_STRIP = NO;
				DEBUG_INFORMATION_FORMAT = "dwarf-with-dsym";
				ENABLE_NS_ASSERTIONS = NO;
				ENABLE_STRICT_OBJC_MSGSEND = YES;
				GCC_C_LANGUAGE_STANDARD = gnu99;
				GCC_NO_COMMON_BLOCKS = YES;
				GCC_WARN_64_TO_32_BIT_CONVERSION = YES;
				GCC_WARN_ABOUT_RETURN_TYPE = YES_ERROR;
				GCC_WARN_UNDECLARED_SELECTOR = YES;
				GCC_WARN_UNINITIALIZED_AUTOS = YES_AGGRESSIVE;
				GCC_WARN_UNUSED_FUNCTION = YES;
				GCC_WARN_UNUSED_VARIABLE = YES;
				IPHONEOS_DEPLOYMENT_TARGET = 10.2;
				MTL_ENABLE_DEBUG_INFO = NO;
				SDKROOT = iphoneos;
				SWIFT_OPTIMIZATION_LEVEL = "-Owholemodule";
				TARGETED_DEVICE_FAMILY = "1,2";
				VALIDATE_PRODUCT = YES;
			};
			name = Release;
		};
		1F9FE88A1E7F99420019C772 /* Debug */ = {
			isa = XCBuildConfiguration;
			baseConfigurationReference = 4288AD777495501E9C9CCCCC /* Pods-VideoTest2.debug.xcconfig */;
			buildSettings = {
				ASSETCATALOG_COMPILER_APPICON_NAME = AppIcon;
				INFOPLIST_FILE = VideoTest2/Info.plist;
				LD_RUNPATH_SEARCH_PATHS = "$(inherited) @executable_path/Frameworks";
				PRODUCT_BUNDLE_IDENTIFIER = com.zhang.VideoTest2;
				PRODUCT_NAME = "$(TARGET_NAME)";
				SWIFT_VERSION = 3.0;
			};
			name = Debug;
		};
		1F9FE88B1E7F99420019C772 /* Release */ = {
			isa = XCBuildConfiguration;
			baseConfigurationReference = 29D4E186EDB8296C1D05F763 /* Pods-VideoTest2.release.xcconfig */;
			buildSettings = {
				ASSETCATALOG_COMPILER_APPICON_NAME = AppIcon;
				INFOPLIST_FILE = VideoTest2/Info.plist;
				LD_RUNPATH_SEARCH_PATHS = "$(inherited) @executable_path/Frameworks";
				PRODUCT_BUNDLE_IDENTIFIER = com.zhang.VideoTest2;
				PRODUCT_NAME = "$(TARGET_NAME)";
				SWIFT_VERSION = 3.0;
			};
			name = Release;
		};
		1F9FE88D1E7F99420019C772 /* Debug */ = {
			isa = XCBuildConfiguration;
			buildSettings = {
				ALWAYS_EMBED_SWIFT_STANDARD_LIBRARIES = YES;
				BUNDLE_LOADER = "$(TEST_HOST)";
				INFOPLIST_FILE = VideoTest2Tests/Info.plist;
				LD_RUNPATH_SEARCH_PATHS = "$(inherited) @executable_path/Frameworks @loader_path/Frameworks";
				PRODUCT_BUNDLE_IDENTIFIER = com.zhang.VideoTest2Tests;
				PRODUCT_NAME = "$(TARGET_NAME)";
				SWIFT_VERSION = 3.0;
				TEST_HOST = "$(BUILT_PRODUCTS_DIR)/VideoTest2.app/VideoTest2";
			};
			name = Debug;
		};
		1F9FE88E1E7F99420019C772 /* Release */ = {
			isa = XCBuildConfiguration;
			buildSettings = {
				ALWAYS_EMBED_SWIFT_STANDARD_LIBRARIES = YES;
				BUNDLE_LOADER = "$(TEST_HOST)";
				INFOPLIST_FILE = VideoTest2Tests/Info.plist;
				LD_RUNPATH_SEARCH_PATHS = "$(inherited) @executable_path/Frameworks @loader_path/Frameworks";
				PRODUCT_BUNDLE_IDENTIFIER = com.zhang.VideoTest2Tests;
				PRODUCT_NAME = "$(TARGET_NAME)";
				SWIFT_VERSION = 3.0;
				TEST_HOST = "$(BUILT_PRODUCTS_DIR)/VideoTest2.app/VideoTest2";
			};
			name = Release;
		};
		1F9FE8901E7F99420019C772 /* Debug */ = {
			isa = XCBuildConfiguration;
			buildSettings = {
				ALWAYS_EMBED_SWIFT_STANDARD_LIBRARIES = YES;
				INFOPLIST_FILE = VideoTest2UITests/Info.plist;
				LD_RUNPATH_SEARCH_PATHS = "$(inherited) @executable_path/Frameworks @loader_path/Frameworks";
				PRODUCT_BUNDLE_IDENTIFIER = com.zhang.VideoTest2UITests;
				PRODUCT_NAME = "$(TARGET_NAME)";
				SWIFT_VERSION = 3.0;
				TEST_TARGET_NAME = VideoTest2;
			};
			name = Debug;
		};
		1F9FE8911E7F99420019C772 /* Release */ = {
			isa = XCBuildConfiguration;
			buildSettings = {
				ALWAYS_EMBED_SWIFT_STANDARD_LIBRARIES = YES;
				INFOPLIST_FILE = VideoTest2UITests/Info.plist;
				LD_RUNPATH_SEARCH_PATHS = "$(inherited) @executable_path/Frameworks @loader_path/Frameworks";
				PRODUCT_BUNDLE_IDENTIFIER = com.zhang.VideoTest2UITests;
				PRODUCT_NAME = "$(TARGET_NAME)";
				SWIFT_VERSION = 3.0;
				TEST_TARGET_NAME = VideoTest2;
			};
			name = Release;
		};
/* End XCBuildConfiguration section */

/* Begin XCConfigurationList section */
		1F9FE85C1E7F99410019C772 /* Build configuration list for PBXProject "VideoTest2" */ = {
			isa = XCConfigurationList;
			buildConfigurations = (
				1F9FE8871E7F99420019C772 /* Debug */,
				1F9FE8881E7F99420019C772 /* Release */,
			);
			defaultConfigurationIsVisible = 0;
			defaultConfigurationName = Release;
		};
		1F9FE8891E7F99420019C772 /* Build configuration list for PBXNativeTarget "VideoTest2" */ = {
			isa = XCConfigurationList;
			buildConfigurations = (
				1F9FE88A1E7F99420019C772 /* Debug */,
				1F9FE88B1E7F99420019C772 /* Release */,
			);
			defaultConfigurationIsVisible = 0;
			defaultConfigurationName = Release;
		};
		1F9FE88C1E7F99420019C772 /* Build configuration list for PBXNativeTarget "VideoTest2Tests" */ = {
			isa = XCConfigurationList;
			buildConfigurations = (
				1F9FE88D1E7F99420019C772 /* Debug */,
				1F9FE88E1E7F99420019C772 /* Release */,
			);
			defaultConfigurationIsVisible = 0;
			defaultConfigurationName = Release;
		};
		1F9FE88F1E7F99420019C772 /* Build configuration list for PBXNativeTarget "VideoTest2UITests" */ = {
			isa = XCConfigurationList;
			buildConfigurations = (
				1F9FE8901E7F99420019C772 /* Debug */,
				1F9FE8911E7F99420019C772 /* Release */,
			);
			defaultConfigurationIsVisible = 0;
			defaultConfigurationName = Release;
		};
/* End XCConfigurationList section */
	};
	rootObject = 1F9FE8591E7F99410019C772 /* Project object */;
}
